
Microsoft Visual Studio Solution File, Format Version 12.00
# Visual Studio Version 17
VisualStudioVersion = 17.4.33205.214
MinimumVisualStudioVersion = 10.0.40219.1
Project("{FAE04EC0-301F-11D3-BF4B-00C04F79EFBC}") = "SignalRHub", "SignalRHub\SignalRHub.csproj", "{E4C99AF0-93A1-471B-BF62-45E1D7E370EF}"
EndProject
Project("{FAE04EC0-301F-11D3-BF4B-00C04F79EFBC}") = "ClientWPF", "ClientWPF\ClientWPF.csproj", "{4F97D953-1C56-4C46-A71D-3D586D97240B}"
EndProject
Global
	GlobalSection(SolutionConfigurationPlatforms) = preSolution
		Ad-Hoc|Any CPU = Ad-Hoc|Any CPU
		Ad-Hoc|ARM = Ad-Hoc|ARM
		Ad-Hoc|iPhone = Ad-Hoc|iPhone
		Ad-Hoc|iPhoneSimulator = Ad-Hoc|iPhoneSimulator
		Ad-Hoc|x64 = Ad-Hoc|x64
		Ad-Hoc|x86 = Ad-Hoc|x86
		AppStore|Any CPU = AppStore|Any CPU
		AppStore|ARM = AppStore|ARM
		AppStore|iPhone = AppStore|iPhone
		AppStore|iPhoneSimulator = AppStore|iPhoneSimulator
		AppStore|x64 = AppStore|x64
		AppStore|x86 = AppStore|x86
		Debug|Any CPU = Debug|Any CPU
		Debug|ARM = Debug|ARM
		Debug|iPhone = Debug|iPhone
		Debug|iPhoneSimulator = Debug|iPhoneSimulator
		Debug|x64 = Debug|x64
		Debug|x86 = Debug|x86
		Release|Any CPU = Release|Any CPU
		Release|ARM = Release|ARM
		Release|iPhone = Release|iPhone
		Release|iPhoneSimulator = Release|iPhoneSimulator
		Release|x64 = Release|x64
		Release|x86 = Release|x86
	EndGlobalSection
	GlobalSection(ProjectConfigurationPlatforms) = postSolution
		{E4C99AF0-93A1-471B-BF62-45E1D7E370EF}.Ad-Hoc|Any CPU.ActiveCfg = Release|Any CPU
		{E4C99AF0-93A1-471B-BF62-45E1D7E370EF}.Ad-Hoc|Any CPU.Build.0 = Release|Any CPU
		{E4C99AF0-93A1-471B-BF62-45E1D7E370EF}.Ad-Hoc|ARM.ActiveCfg = Release|Any CPU
		{E4C99AF0-93A1-471B-BF62-45E1D7E370EF}.Ad-Hoc|ARM.Build.0 = Release|Any CPU
		{E4C99AF0-93A1-471B-BF62-45E1D7E370EF}.Ad-Hoc|iPhone.ActiveCfg = Release|Any CPU
		{E4C99AF0-93A1-471B-BF62-45E1D7E370EF}.Ad-Hoc|iPhone.Build.0 = Release|Any CPU
		{E4C99AF0-93A1-471B-BF62-45E1D7E370EF}.Ad-Hoc|iPhoneSimulator.ActiveCfg = Release|Any CPU
		{E4C99AF0-93A1-471B-BF62-45E1D7E370EF}.Ad-Hoc|iPhoneSimulator.Build.0 = Release|Any CPU
		{E4C99AF0-93A1-471B-BF62-45E1D7E370EF}.Ad-Hoc|x64.ActiveCfg = Release|Any CPU
		{E4C99AF0-93A1-471B-BF62-45E1D7E370EF}.Ad-Hoc|x64.Build.0 = Release|Any CPU
		{E4C99AF0-93A1-471B-BF62-45E1D7E370EF}.Ad-Hoc|x86.ActiveCfg = Release|Any CPU
		{E4C99AF0-93A1-471B-BF62-45E1D7E370EF}.Ad-Hoc|x86.Build.0 = Release|Any CPU
		{E4C99AF0-93A1-471B-BF62-45E1D7E370EF}.AppStore|Any CPU.ActiveCfg = Release|Any CPU
		{E4C99AF0-93A1-471B-BF62-45E1D7E370EF}.AppStore|Any CPU.Build.0 = Release|Any CPU
		{E4C99AF0-93A1-471B-BF62-45E1D7E370EF}.AppStore|ARM.ActiveCfg = Release|Any CPU
		{E4C99AF0-93A1-471B-BF62-45E1D7E370EF}.AppStore|ARM.Build.0 = Release|Any CPU
		{E4C99AF0-93A1-471B-BF62-45E1D7E370EF}.AppStore|iPhone.ActiveCfg = Release|Any CPU
		{E4C99AF0-93A1-471B-BF62-45E1D7E370EF}.AppStore|iPhone.Build.0 = Release|Any CPU
		{E4C99AF0-93A1-471B-BF62-45E1D7E370EF}.AppStore|iPhoneSimulator.ActiveCfg = Release|Any CPU
		{E4C99AF0-93A1-471B-BF62-45E1D7E370EF}.AppStore|iPhoneSimulator.Build.0 = Release|Any CPU
		{E4C99AF0-93A1-471B-BF62-45E1D7E370EF}.AppStore|x64.ActiveCfg = Release|Any CPU
		{E4C99AF0-93A1-471B-BF62-45E1D7E370EF}.AppStore|x64.Build.0 = Release|Any CPU
		{E4C99AF0-93A1-471B-BF62-45E1D7E370EF}.AppStore|x86.ActiveCfg = Release|Any CPU
		{E4C99AF0-93A1-471B-BF62-45E1D7E370EF}.AppStore|x86.Build.0 = Release|Any CPU
		{E4C99AF0-93A1-471B-BF62-45E1D7E370EF}.Debug|Any CPU.ActiveCfg = Debug|Any CPU
		{E4C99AF0-93A1-471B-BF62-45E1D7E370EF}.Debug|Any CPU.Build.0 = Debug|Any CPU
		{E4C99AF0-93A1-471B-BF62-45E1D7E370EF}.Debug|ARM.ActiveCfg = Debug|Any CPU
		{E4C99AF0-93A1-471B-BF62-45E1D7E370EF}.Debug|ARM.Build.0 = Debug|Any CPU
		{E4C99AF0-93A1-471B-BF62-45E1D7E370EF}.Debug|iPhone.ActiveCfg = Debug|Any CPU
		{E4C99AF0-93A1-471B-BF62-45E1D7E370EF}.Debug|iPhone.Build.0 = Debug|Any CPU
		{E4C99AF0-93A1-471B-BF62-45E1D7E370EF}.Debug|iPhoneSimulator.ActiveCfg = Debug|Any CPU
		{E4C99AF0-93A1-471B-BF62-45E1D7E370EF}.Debug|iPhoneSimulator.Build.0 = Debug|Any CPU
		{E4C99AF0-93A1-471B-BF62-45E1D7E370EF}.Debug|x64.ActiveCfg = Debug|Any CPU
		{E4C99AF0-93A1-471B-BF62-45E1D7E370EF}.Debug|x64.Build.0 = Debug|Any CPU
		{E4C99AF0-93A1-471B-BF62-45E1D7E370EF}.Debug|x86.ActiveCfg = Debug|Any CPU
		{E4C99AF0-93A1-471B-BF62-45E1D7E370EF}.Debug|x86.Build.0 = Debug|Any CPU
		{E4C99AF0-93A1-471B-BF62-45E1D7E370EF}.Release|Any CPU.ActiveCfg = Release|Any CPU
		{E4C99AF0-93A1-471B-BF62-45E1D7E370EF}.Release|Any CPU.Build.0 = Release|Any CPU
		{E4C99AF0-93A1-471B-BF62-45E1D7E370EF}.Release|ARM.ActiveCfg = Release|Any CPU
		{E4C99AF0-93A1-471B-BF62-45E1D7E370EF}.Release|ARM.Build.0 = Release|Any CPU
		{E4C99AF0-93A1-471B-BF62-45E1D7E370EF}.Release|iPhone.ActiveCfg = Release|Any CPU
		{E4C99AF0-93A1-471B-BF62-45E1D7E370EF}.Release|iPhone.Build.0 = Release|Any CPU
		{E4C99AF0-93A1-471B-BF62-45E1D7E370EF}.Release|iPhoneSimulator.ActiveCfg = Release|Any CPU
		{E4C99AF0-93A1-471B-BF62-45E1D7E370EF}.Release|iPhoneSimulator.Build.0 = Release|Any CPU
		{E4C99AF0-93A1-471B-BF62-45E1D7E370EF}.Release|x64.ActiveCfg = Release|Any CPU
		{E4C99AF0-93A1-471B-BF62-45E1D7E370EF}.Release|x64.Build.0 = Release|Any CPU
		{E4C99AF0-93A1-471B-BF62-45E1D7E370EF}.Release|x86.ActiveCfg = Release|Any CPU
		{E4C99AF0-93A1-471B-BF62-45E1D7E370EF}.Release|x86.Build.0 = Release|Any CPU
		{4F97D953-1C56-4C46-A71D-3D586D97240B}.Ad-Hoc|Any CPU.ActiveCfg = Release|Any CPU
		{4F97D953-1C56-4C46-A71D-3D586D97240B}.Ad-Hoc|Any CPU.Build.0 = Release|Any CPU
		{4F97D953-1C56-4C46-A71D-3D586D97240B}.Ad-Hoc|ARM.ActiveCfg = Release|Any CPU
		{4F97D953-1C56-4C46-A71D-3D586D97240B}.Ad-Hoc|ARM.Build.0 = Release|Any CPU
		{4F97D953-1C56-4C46-A71D-3D586D97240B}.Ad-Hoc|iPhone.ActiveCfg = Release|Any CPU
		{4F97D953-1C56-4C46-A71D-3D586D97240B}.Ad-Hoc|iPhone.Build.0 = Release|Any CPU
		{4F97D953-1C56-4C46-A71D-3D586D97240B}.Ad-Hoc|iPhoneSimulator.ActiveCfg = Release|Any CPU
		{4F97D953-1C56-4C46-A71D-3D586D97240B}.Ad-Hoc|iPhoneSimulator.Build.0 = Release|Any CPU
		{4F97D953-1C56-4C46-A71D-3D586D97240B}.Ad-Hoc|x64.ActiveCfg = Release|Any CPU
		{4F97D953-1C56-4C46-A71D-3D586D97240B}.Ad-Hoc|x64.Build.0 = Release|Any CPU
		{4F97D953-1C56-4C46-A71D-3D586D97240B}.Ad-Hoc|x86.ActiveCfg = Release|Any CPU
		{4F97D953-1C56-4C46-A71D-3D586D97240B}.Ad-Hoc|x86.Build.0 = Release|Any CPU
		{4F97D953-1C56-4C46-A71D-3D586D97240B}.AppStore|Any CPU.ActiveCfg = Release|Any CPU
		{4F97D953-1C56-4C46-A71D-3D586D97240B}.AppStore|Any CPU.Build.0 = Release|Any CPU
		{4F97D953-1C56-4C46-A71D-3D586D97240B}.AppStore|ARM.ActiveCfg = Release|Any CPU
		{4F97D953-1C56-4C46-A71D-3D586D97240B}.AppStore|ARM.Build.0 = Release|Any CPU
		{4F97D953-1C56-4C46-A71D-3D586D97240B}.AppStore|iPhone.ActiveCfg = Release|Any CPU
		{4F97D953-1C56-4C46-A71D-3D586D97240B}.AppStore|iPhone.Build.0 = Release|Any CPU
		{4F97D953-1C56-4C46-A71D-3D586D97240B}.AppStore|iPhoneSimulator.ActiveCfg = Release|Any CPU
		{4F97D953-1C56-4C46-A71D-3D586D97240B}.AppStore|iPhoneSimulator.Build.0 = Release|Any CPU
		{4F97D953-1C56-4C46-A71D-3D586D97240B}.AppStore|x64.ActiveCfg = Release|Any CPU
		{4F97D953-1C56-4C46-A71D-3D586D97240B}.AppStore|x64.Build.0 = Release|Any CPU
		{4F97D953-1C56-4C46-A71D-3D586D97240B}.AppStore|x86.ActiveCfg = Release|Any CPU
		{4F97D953-1C56-4C46-A71D-3D586D97240B}.AppStore|x86.Build.0 = Release|Any CPU
		{4F97D953-1C56-4C46-A71D-3D586D97240B}.Debug|Any CPU.ActiveCfg = Debug|Any CPU
		{4F97D953-1C56-4C46-A71D-3D586D97240B}.Debug|Any CPU.Build.0 = Debug|Any CPU
		{4F97D953-1C56-4C46-A71D-3D586D97240B}.Debug|ARM.ActiveCfg = Debug|Any CPU
		{4F97D953-1C56-4C46-A71D-3D586D97240B}.Debug|ARM.Build.0 = Debug|Any CPU
		{4F97D953-1C56-4C46-A71D-3D586D97240B}.Debug|iPhone.ActiveCfg = Debug|Any CPU
		{4F97D953-1C56-4C46-A71D-3D586D97240B}.Debug|iPhone.Build.0 = Debug|Any CPU
		{4F97D953-1C56-4C46-A71D-3D586D97240B}.Debug|iPhoneSimulator.ActiveCfg = Debug|Any CPU
		{4F97D953-1C56-4C46-A71D-3D586D97240B}.Debug|iPhoneSimulator.Build.0 = Debug|Any CPU
		{4F97D953-1C56-4C46-A71D-3D586D97240B}.Debug|x64.ActiveCfg = Debug|Any CPU
		{4F97D953-1C56-4C46-A71D-3D586D97240B}.Debug|x64.Build.0 = Debug|Any CPU
		{4F97D953-1C56-4C46-A71D-3D586D97240B}.Debug|x86.ActiveCfg = Debug|Any CPU
		{4F97D953-1C56-4C46-A71D-3D586D97240B}.Debug|x86.Build.0 = Debug|Any CPU
		{4F97D953-1C56-4C46-A71D-3D586D97240B}.Release|Any CPU.ActiveCfg = Release|Any CPU
		{4F97D953-1C56-4C46-A71D-3D586D97240B}.Release|Any CPU.Build.0 = Release|Any CPU
		{4F97D953-1C56-4C46-A71D-3D586D97240B}.Release|ARM.ActiveCfg = Release|Any CPU
		{4F97D953-1C56-4C46-A71D-3D586D97240B}.Release|ARM.Build.0 = Release|Any CPU
		{4F97D953-1C56-4C46-A71D-3D586D97240B}.Release|iPhone.ActiveCfg = Release|Any CPU
		{4F97D953-1C56-4C46-A71D-3D586D97240B}.Release|iPhone.Build.0 = Release|Any CPU
		{4F97D953-1C56-4C46-A71D-3D586D97240B}.Release|iPhoneSimulator.ActiveCfg = Release|Any CPU
		{4F97D953-1C56-4C46-A71D-3D586D97240B}.Release|iPhoneSimulator.Build.0 = Release|Any CPU
		{4F97D953-1C56-4C46-A71D-3D586D97240B}.Release|x64.ActiveCfg = Release|Any CPU
		{4F97D953-1C56-4C46-A71D-3D586D97240B}.Release|x64.Build.0 = Release|Any CPU
		{4F97D953-1C56-4C46-A71D-3D586D97240B}.Release|x86.ActiveCfg = Release|Any CPU
		{4F97D953-1C56-4C46-A71D-3D586D97240B}.Release|x86.Build.0 = Release|Any CPU
	EndGlobalSection
	GlobalSection(SolutionProperties) = preSolution
		HideSolutionNode = FALSE
	EndGlobalSection
	GlobalSection(ExtensibilityGlobals) = postSolution
		SolutionGuid = {645DEA4D-F946-429D-9555-2A2979520A8E}
	EndGlobalSection
EndGlobal
